// !$*UTF8*$!
{
	archiveVersion = 1;
	classes = {
	};
	objectVersion = 56;
	objects = {

/* Begin PBXBuildFile section */
		7FBBCEA62CED3F0A00580834 /* AppDelegate.swift in Sources */ = {isa = PBXBuildFile; fileRef = 7FBBCEA52CED3F0A00580834 /* AppDelegate.swift */; };
		7FBBCEA82CED3F0A00580834 /* SceneDelegate.swift in Sources */ = {isa = PBXBuildFile; fileRef = 7FBBCEA72CED3F0A00580834 /* SceneDelegate.swift */; };
		7FBBCEAA2CED3F0A00580834 /* ViewController.swift in Sources */ = {isa = PBXBuildFile; fileRef = 7FBBCEA92CED3F0A00580834 /* ViewController.swift */; };
		7FBBCEAD2CED3F0A00580834 /* Main.storyboard in Resources */ = {isa = PBXBuildFile; fileRef = 7FBBCEAB2CED3F0A00580834 /* Main.storyboard */; };
		7FBBCEAF2CED3F0B00580834 /* Assets.xcassets in Resources */ = {isa = PBXBuildFile; fileRef = 7FBBCEAE2CED3F0B00580834 /* Assets.xcassets */; };
		7FBBCEB22CED3F0B00580834 /* LaunchScreen.storyboard in Resources */ = {isa = PBXBuildFile; fileRef = 7FBBCEB02CED3F0B00580834 /* LaunchScreen.storyboard */; };
		7FBBCEBD2CED3F0B00580834 /* Labo_03_kimVachonTests.swift in Sources */ = {isa = PBXBuildFile; fileRef = 7FBBCEBC2CED3F0B00580834 /* Labo_03_kimVachonTests.swift */; };
		7FBBCEC72CED3F0B00580834 /* Labo_03_kimVachonUITests.swift in Sources */ = {isa = PBXBuildFile; fileRef = 7FBBCEC62CED3F0B00580834 /* Labo_03_kimVachonUITests.swift */; };
		7FBBCEC92CED3F0B00580834 /* Labo_03_kimVachonUITestsLaunchTests.swift in Sources */ = {isa = PBXBuildFile; fileRef = 7FBBCEC82CED3F0B00580834 /* Labo_03_kimVachonUITestsLaunchTests.swift */; };
/* End PBXBuildFile section */

/* Begin PBXContainerItemProxy section */
		7FBBCEB92CED3F0B00580834 /* PBXContainerItemProxy */ = {
			isa = PBXContainerItemProxy;
			containerPortal = 7FBBCE9A2CED3F0A00580834 /* Project object */;
			proxyType = 1;
			remoteGlobalIDString = 7FBBCEA12CED3F0A00580834;
			remoteInfo = Labo_03_kimVachon;
		};
		7FBBCEC32CED3F0B00580834 /* PBXContainerItemProxy */ = {
			isa = PBXContainerItemProxy;
			containerPortal = 7FBBCE9A2CED3F0A00580834 /* Project object */;
			proxyType = 1;
			remoteGlobalIDString = 7FBBCEA12CED3F0A00580834;
			remoteInfo = Labo_03_kimVachon;
		};
/* End PBXContainerItemProxy section */

/* Begin PBXFileReference section */
		7FBBCEA22CED3F0A00580834 /* Labo_03_kimVachon.app */ = {isa = PBXFileReference; explicitFileType = wrapper.application; includeInIndex = 0; path = Labo_03_kimVachon.app; sourceTree = BUILT_PRODUCTS_DIR; };
		7FBBCEA52CED3F0A00580834 /* AppDelegate.swift */ = {isa = PBXFileReference; lastKnownFileType = sourcecode.swift; path = AppDelegate.swift; sourceTree = "<group>"; };
		7FBBCEA72CED3F0A00580834 /* SceneDelegate.swift */ = {isa = PBXFileReference; lastKnownFileType = sourcecode.swift; path = SceneDelegate.swift; sourceTree = "<group>"; };
		7FBBCEA92CED3F0A00580834 /* ViewController.swift */ = {isa = PBXFileReference; lastKnownFileType = sourcecode.swift; path = ViewController.swift; sourceTree = "<group>"; };
		7FBBCEAC2CED3F0A00580834 /* Base */ = {isa = PBXFileReference; lastKnownFileType = file.storyboard; name = Base; path = Base.lproj/Main.storyboard; sourceTree = "<group>"; };
		7FBBCEAE2CED3F0B00580834 /* Assets.xcassets */ = {isa = PBXFileReference; lastKnownFileType = folder.assetcatalog; path = Assets.xcassets; sourceTree = "<group>"; };
		7FBBCEB12CED3F0B00580834 /* Base */ = {isa = PBXFileReference; lastKnownFileType = file.storyboard; name = Base; path = Base.lproj/LaunchScreen.storyboard; sourceTree = "<group>"; };
		7FBBCEB32CED3F0B00580834 /* Info.plist */ = {isa = PBXFileReference; lastKnownFileType = text.plist.xml; path = Info.plist; sourceTree = "<group>"; };
		7FBBCEB82CED3F0B00580834 /* Labo_03_kimVachonTests.xctest */ = {isa = PBXFileReference; explicitFileType = wrapper.cfbundle; includeInIndex = 0; path = Labo_03_kimVachonTests.xctest; sourceTree = BUILT_PRODUCTS_DIR; };
		7FBBCEBC2CED3F0B00580834 /* Labo_03_kimVachonTests.swift */ = {isa = PBXFileReference; lastKnownFileType = sourcecode.swift; path = Labo_03_kimVachonTests.swift; sourceTree = "<group>"; };
		7FBBCEC22CED3F0B00580834 /* Labo_03_kimVachonUITests.xctest */ = {isa = PBXFileReference; explicitFileType = wrapper.cfbundle; includeInIndex = 0; path = Labo_03_kimVachonUITests.xctest; sourceTree = BUILT_PRODUCTS_DIR; };
		7FBBCEC62CED3F0B00580834 /* Labo_03_kimVachonUITests.swift */ = {isa = PBXFileReference; lastKnownFileType = sourcecode.swift; path = Labo_03_kimVachonUITests.swift; sourceTree = "<group>"; };
		7FBBCEC82CED3F0B00580834 /* Labo_03_kimVachonUITestsLaunchTests.swift */ = {isa = PBXFileReference; lastKnownFileType = sourcecode.swift; path = Labo_03_kimVachonUITestsLaunchTests.swift; sourceTree = "<group>"; };
/* End PBXFileReference section */

/* Begin PBXFrameworksBuildPhase section */
		7FBBCE9F2CED3F0A00580834 /* Frameworks */ = {
			isa = PBXFrameworksBuildPhase;
			buildActionMask = 2147483647;
			files = (
			);
			runOnlyForDeploymentPostprocessing = 0;
		};
		7FBBCEB52CED3F0B00580834 /* Frameworks */ = {
			isa = PBXFrameworksBuildPhase;
			buildActionMask = 2147483647;
			files = (
			);
			runOnlyForDeploymentPostprocessing = 0;
		};
		7FBBCEBF2CED3F0B00580834 /* Frameworks */ = {
			isa = PBXFrameworksBuildPhase;
			buildActionMask = 2147483647;
			files = (
			);
			runOnlyForDeploymentPostprocessing = 0;
		};
/* End PBXFrameworksBuildPhase section */

/* Begin PBXGroup section */
		7FBBCE992CED3F0A00580834 = {
			isa = PBXGroup;
			children = (
				7FBBCEA42CED3F0A00580834 /* Labo_03_kimVachon */,
				7FBBCEBB2CED3F0B00580834 /* Labo_03_kimVachonTests */,
				7FBBCEC52CED3F0B00580834 /* Labo_03_kimVachonUITests */,
				7FBBCEA32CED3F0A00580834 /* Products */,
			);
			sourceTree = "<group>";
		};
		7FBBCEA32CED3F0A00580834 /* Products */ = {
			isa = PBXGroup;
			children = (
				7FBBCEA22CED3F0A00580834 /* Labo_03_kimVachon.app */,
				7FBBCEB82CED3F0B00580834 /* Labo_03_kimVachonTests.xctest */,
				7FBBCEC22CED3F0B00580834 /* Labo_03_kimVachonUITests.xctest */,
			);
			name = Products;
			sourceTree = "<group>";
		};
		7FBBCEA42CED3F0A00580834 /* Labo_03_kimVachon */ = {
			isa = PBXGroup;
			children = (
				7FBBCEA52CED3F0A00580834 /* AppDelegate.swift */,
				7FBBCEA72CED3F0A00580834 /* SceneDelegate.swift */,
				7FBBCEA92CED3F0A00580834 /* ViewController.swift */,
				7FBBCEAB2CED3F0A00580834 /* Main.storyboard */,
				7FBBCEAE2CED3F0B00580834 /* Assets.xcassets */,
				7FBBCEB02CED3F0B00580834 /* LaunchScreen.storyboard */,
				7FBBCEB32CED3F0B00580834 /* Info.plist */,
			);
			path = Labo_03_kimVachon;
			sourceTree = "<group>";
		};
		7FBBCEBB2CED3F0B00580834 /* Labo_03_kimVachonTests */ = {
			isa = PBXGroup;
			children = (
				7FBBCEBC2CED3F0B00580834 /* Labo_03_kimVachonTests.swift */,
			);
			path = Labo_03_kimVachonTests;
			sourceTree = "<group>";
		};
		7FBBCEC52CED3F0B00580834 /* Labo_03_kimVachonUITests */ = {
			isa = PBXGroup;
			children = (
				7FBBCEC62CED3F0B00580834 /* Labo_03_kimVachonUITests.swift */,
				7FBBCEC82CED3F0B00580834 /* Labo_03_kimVachonUITestsLaunchTests.swift */,
			);
			path = Labo_03_kimVachonUITests;
			sourceTree = "<group>";
		};
/* End PBXGroup section */

/* Begin PBXNativeTarget section */
		7FBBCEA12CED3F0A00580834 /* Labo_03_kimVachon */ = {
			isa = PBXNativeTarget;
			buildConfigurationList = 7FBBCECC2CED3F0B00580834 /* Build configuration list for PBXNativeTarget "Labo_03_kimVachon" */;
			buildPhases = (
				7FBBCE9E2CED3F0A00580834 /* Sources */,
				7FBBCE9F2CED3F0A00580834 /* Frameworks */,
				7FBBCEA02CED3F0A00580834 /* Resources */,
			);
			buildRules = (
			);
			dependencies = (
			);
			name = Labo_03_kimVachon;
			productName = Labo_03_kimVachon;
			productReference = 7FBBCEA22CED3F0A00580834 /* Labo_03_kimVachon.app */;
			productType = "com.apple.product-type.application";
		};
		7FBBCEB72CED3F0B00580834 /* Labo_03_kimVachonTests */ = {
			isa = PBXNativeTarget;
			buildConfigurationList = 7FBBCECF2CED3F0B00580834 /* Build configuration list for PBXNativeTarget "Labo_03_kimVachonTests" */;
			buildPhases = (
				7FBBCEB42CED3F0B00580834 /* Sources */,
				7FBBCEB52CED3F0B00580834 /* Frameworks */,
				7FBBCEB62CED3F0B00580834 /* Resources */,
			);
			buildRules = (
			);
			dependencies = (
				7FBBCEBA2CED3F0B00580834 /* PBXTargetDependency */,
			);
			name = Labo_03_kimVachonTests;
			productName = Labo_03_kimVachonTests;
			productReference = 7FBBCEB82CED3F0B00580834 /* Labo_03_kimVachonTests.xctest */;
			productType = "com.apple.product-type.bundle.unit-test";
		};
		7FBBCEC12CED3F0B00580834 /* Labo_03_kimVachonUITests */ = {
			isa = PBXNativeTarget;
			buildConfigurationList = 7FBBCED22CED3F0B00580834 /* Build configuration list for PBXNativeTarget "Labo_03_kimVachonUITests" */;
			buildPhases = (
				7FBBCEBE2CED3F0B00580834 /* Sources */,
				7FBBCEBF2CED3F0B00580834 /* Frameworks */,
				7FBBCEC02CED3F0B00580834 /* Resources */,
			);
			buildRules = (
			);
			dependencies = (
				7FBBCEC42CED3F0B00580834 /* PBXTargetDependency */,
			);
			name = Labo_03_kimVachonUITests;
			productName = Labo_03_kimVachonUITests;
			productReference = 7FBBCEC22CED3F0B00580834 /* Labo_03_kimVachonUITests.xctest */;
			productType = "com.apple.product-type.bundle.ui-testing";
		};
/* End PBXNativeTarget section */

/* Begin PBXProject section */
		7FBBCE9A2CED3F0A00580834 /* Project object */ = {
			isa = PBXProject;
			attributes = {
				BuildIndependentTargetsInParallel = 1;
				LastSwiftUpdateCheck = 1430;
				LastUpgradeCheck = 1430;
				TargetAttributes = {
					7FBBCEA12CED3F0A00580834 = {
						CreatedOnToolsVersion = 14.3;
					};
					7FBBCEB72CED3F0B00580834 = {
						CreatedOnToolsVersion = 14.3;
						TestTargetID = 7FBBCEA12CED3F0A00580834;
					};
					7FBBCEC12CED3F0B00580834 = {
						CreatedOnToolsVersion = 14.3;
						TestTargetID = 7FBBCEA12CED3F0A00580834;
					};
				};
			};
			buildConfigurationList = 7FBBCE9D2CED3F0A00580834 /* Build configuration list for PBXProject "Labo_03_kimVachon" */;
			compatibilityVersion = "Xcode 14.0";
			developmentRegion = en;
			hasScannedForEncodings = 0;
			knownRegions = (
				en,
				Base,
			);
			mainGroup = 7FBBCE992CED3F0A00580834;
			productRefGroup = 7FBBCEA32CED3F0A00580834 /* Products */;
			projectDirPath = "";
			projectRoot = "";
			targets = (
				7FBBCEA12CED3F0A00580834 /* Labo_03_kimVachon */,
				7FBBCEB72CED3F0B00580834 /* Labo_03_kimVachonTests */,
				7FBBCEC12CED3F0B00580834 /* Labo_03_kimVachonUITests */,
			);
		};
/* End PBXProject section */

/* Begin PBXResourcesBuildPhase section */
		7FBBCEA02CED3F0A00580834 /* Resources */ = {
			isa = PBXResourcesBuildPhase;
			buildActionMask = 2147483647;
			files = (
				7FBBCEB22CED3F0B00580834 /* LaunchScreen.storyboard in Resources */,
				7FBBCEAF2CED3F0B00580834 /* Assets.xcassets in Resources */,
				7FBBCEAD2CED3F0A00580834 /* Main.storyboard in Resources */,
			);
			runOnlyForDeploymentPostprocessing = 0;
		};
		7FBBCEB62CED3F0B00580834 /* Resources */ = {
			isa = PBXResourcesBuildPhase;
			buildActionMask = 2147483647;
			files = (
			);
			runOnlyForDeploymentPostprocessing = 0;
		};
		7FBBCEC02CED3F0B00580834 /* Resources */ = {
			isa = PBXResourcesBuildPhase;
			buildActionMask = 2147483647;
			files = (
			);
			runOnlyForDeploymentPostprocessing = 0;
		};
/* End PBXResourcesBuildPhase section */

/* Begin PBXSourcesBuildPhase section */
		7FBBCE9E2CED3F0A00580834 /* Sources */ = {
			isa = PBXSourcesBuildPhase;
			buildActionMask = 2147483647;
			files = (
				7FBBCEAA2CED3F0A00580834 /* ViewController.swift in Sources */,
				7FBBCEA62CED3F0A00580834 /* AppDelegate.swift in Sources */,
				7FBBCEA82CED3F0A00580834 /* SceneDelegate.swift in Sources */,
			);
			runOnlyForDeploymentPostprocessing = 0;
		};
		7FBBCEB42CED3F0B00580834 /* Sources */ = {
			isa = PBXSourcesBuildPhase;
			buildActionMask = 2147483647;
			files = (
				7FBBCEBD2CED3F0B00580834 /* Labo_03_kimVachonTests.swift in Sources */,
			);
			runOnlyForDeploymentPostprocessing = 0;
		};
		7FBBCEBE2CED3F0B00580834 /* Sources */ = {
			isa = PBXSourcesBuildPhase;
			buildActionMask = 2147483647;
			files = (
				7FBBCEC92CED3F0B00580834 /* Labo_03_kimVachonUITestsLaunchTests.swift in Sources */,
				7FBBCEC72CED3F0B00580834 /* Labo_03_kimVachonUITests.swift in Sources */,
			);
			runOnlyForDeploymentPostprocessing = 0;
		};
/* End PBXSourcesBuildPhase section */

/* Begin PBXTargetDependency section */
		7FBBCEBA2CED3F0B00580834 /* PBXTargetDependency */ = {
			isa = PBXTargetDependency;
			target = 7FBBCEA12CED3F0A00580834 /* Labo_03_kimVachon */;
			targetProxy = 7FBBCEB92CED3F0B00580834 /* PBXContainerItemProxy */;
		};
		7FBBCEC42CED3F0B00580834 /* PBXTargetDependency */ = {
			isa = PBXTargetDependency;
			target = 7FBBCEA12CED3F0A00580834 /* Labo_03_kimVachon */;
			targetProxy = 7FBBCEC32CED3F0B00580834 /* PBXContainerItemProxy */;
		};
/* End PBXTargetDependency section */

/* Begin PBXVariantGroup section */
		7FBBCEAB2CED3F0A00580834 /* Main.storyboard */ = {
			isa = PBXVariantGroup;
			children = (
				7FBBCEAC2CED3F0A00580834 /* Base */,
			);
			name = Main.storyboard;
			sourceTree = "<group>";
		};
		7FBBCEB02CED3F0B00580834 /* LaunchScreen.storyboard */ = {
			isa = PBXVariantGroup;
			children = (
				7FBBCEB12CED3F0B00580834 /* Base */,
			);
			name = LaunchScreen.storyboard;
			sourceTree = "<group>";
		};
/* End PBXVariantGroup section */

/* Begin XCBuildConfiguration section */
		7FBBCECA2CED3F0B00580834 /* Debug */ = {
			isa = XCBuildConfiguration;
			buildSettings = {
				ALWAYS_SEARCH_USER_PATHS = NO;
				CLANG_ANALYZER_NONNULL = YES;
				CLANG_ANALYZER_NUMBER_OBJECT_CONVERSION = YES_AGGRESSIVE;
				CLANG_CXX_LANGUAGE_STANDARD = "gnu++20";
				CLANG_ENABLE_MODULES = YES;
				CLANG_ENABLE_OBJC_ARC = YES;
				CLANG_ENABLE_OBJC_WEAK = YES;
				CLANG_WARN_BLOCK_CAPTURE_AUTORELEASING = YES;
				CLANG_WARN_BOOL_CONVERSION = YES;
				CLANG_WARN_COMMA = YES;
				CLANG_WARN_CONSTANT_CONVERSION = YES;
				CLANG_WARN_DEPRECATED_OBJC_IMPLEMENTATIONS = YES;
				CLANG_WARN_DIRECT_OBJC_ISA_USAGE = YES_ERROR;
				CLANG_WARN_DOCUMENTATION_COMMENTS = YES;
				CLANG_WARN_EMPTY_BODY = YES;
				CLANG_WARN_ENUM_CONVERSION = YES;
				CLANG_WARN_INFINITE_RECURSION = YES;
				CLANG_WARN_INT_CONVERSION = YES;
				CLANG_WARN_NON_LITERAL_NULL_CONVERSION = YES;
				CLANG_WARN_OBJC_IMPLICIT_RETAIN_SELF = YES;
				CLANG_WARN_OBJC_LITERAL_CONVERSION = YES;
				CLANG_WARN_OBJC_ROOT_CLASS = YES_ERROR;
				CLANG_WARN_QUOTED_INCLUDE_IN_FRAMEWORK_HEADER = YES;
				CLANG_WARN_RANGE_LOOP_ANALYSIS = YES;
				CLANG_WARN_STRICT_PROTOTYPES = YES;
				CLANG_WARN_SUSPICIOUS_MOVE = YES;
				CLANG_WARN_UNGUARDED_AVAILABILITY = YES_AGGRESSIVE;
				CLANG_WARN_UNREACHABLE_CODE = YES;
				CLANG_WARN__DUPLICATE_METHOD_MATCH = YES;
				COPY_PHASE_STRIP = NO;
				DEBUG_INFORMATION_FORMAT = dwarf;
				ENABLE_STRICT_OBJC_MSGSEND = YES;
				ENABLE_TESTABILITY = YES;
				GCC_C_LANGUAGE_STANDARD = gnu11;
				GCC_DYNAMIC_NO_PIC = NO;
				GCC_NO_COMMON_BLOCKS = YES;
				GCC_OPTIMIZATION_LEVEL = 0;
				GCC_PREPROCESSOR_DEFINITIONS = (
					"DEBUG=1",
					"$(inherited)",
				);
				GCC_WARN_64_TO_32_BIT_CONVERSION = YES;
				GCC_WARN_ABOUT_RETURN_TYPE = YES_ERROR;
				GCC_WARN_UNDECLARED_SELECTOR = YES;
				GCC_WARN_UNINITIALIZED_AUTOS = YES_AGGRESSIVE;
				GCC_WARN_UNUSED_FUNCTION = YES;
				GCC_WARN_UNUSED_VARIABLE = YES;
				IPHONEOS_DEPLOYMENT_TARGET = 16.4;
				MTL_ENABLE_DEBUG_INFO = INCLUDE_SOURCE;
				MTL_FAST_MATH = YES;
				ONLY_ACTIVE_ARCH = YES;
				SDKROOT = iphoneos;
				SWIFT_ACTIVE_COMPILATION_CONDITIONS = DEBUG;
				SWIFT_OPTIMIZATION_LEVEL = "-Onone";
			};
			name = Debug;
		};
		7FBBCECB2CED3F0B00580834 /* Release */ = {
			isa = XCBuildConfiguration;
			buildSettings = {
				ALWAYS_SEARCH_USER_PATHS = NO;
				CLANG_ANALYZER_NONNULL = YES;
				CLANG_ANALYZER_NUMBER_OBJECT_CONVERSION = YES_AGGRESSIVE;
				CLANG_CXX_LANGUAGE_STANDARD = "gnu++20";
				CLANG_ENABLE_MODULES = YES;
				CLANG_ENABLE_OBJC_ARC = YES;
				CLANG_ENABLE_OBJC_WEAK = YES;
				CLANG_WARN_BLOCK_CAPTURE_AUTORELEASING = YES;
				CLANG_WARN_BOOL_CONVERSION = YES;
				CLANG_WARN_COMMA = YES;
				CLANG_WARN_CONSTANT_CONVERSION = YES;
				CLANG_WARN_DEPRECATED_OBJC_IMPLEMENTATIONS = YES;
				CLANG_WARN_DIRECT_OBJC_ISA_USAGE = YES_ERROR;
				CLANG_WARN_DOCUMENTATION_COMMENTS = YES;
				CLANG_WARN_EMPTY_BODY = YES;
				CLANG_WARN_ENUM_CONVERSION = YES;
				CLANG_WARN_INFINITE_RECURSION = YES;
				CLANG_WARN_INT_CONVERSION = YES;
				CLANG_WARN_NON_LITERAL_NULL_CONVERSION = YES;
				CLANG_WARN_OBJC_IMPLICIT_RETAIN_SELF = YES;
				CLANG_WARN_OBJC_LITERAL_CONVERSION = YES;
				CLANG_WARN_OBJC_ROOT_CLASS = YES_ERROR;
				CLANG_WARN_QUOTED_INCLUDE_IN_FRAMEWORK_HEADER = YES;
				CLANG_WARN_RANGE_LOOP_ANALYSIS = YES;
				CLANG_WARN_STRICT_PROTOTYPES = YES;
				CLANG_WARN_SUSPICIOUS_MOVE = YES;
				CLANG_WARN_UNGUARDED_AVAILABILITY = YES_AGGRESSIVE;
				CLANG_WARN_UNREACHABLE_CODE = YES;
				CLANG_WARN__DUPLICATE_METHOD_MATCH = YES;
				COPY_PHASE_STRIP = NO;
				DEBUG_INFORMATION_FORMAT = "dwarf-with-dsym";
				ENABLE_NS_ASSERTIONS = NO;
				ENABLE_STRICT_OBJC_MSGSEND = YES;
				GCC_C_LANGUAGE_STANDARD = gnu11;
				GCC_NO_COMMON_BLOCKS = YES;
				GCC_WARN_64_TO_32_BIT_CONVERSION = YES;
				GCC_WARN_ABOUT_RETURN_TYPE = YES_ERROR;
				GCC_WARN_UNDECLARED_SELECTOR = YES;
				GCC_WARN_UNINITIALIZED_AUTOS = YES_AGGRESSIVE;
				GCC_WARN_UNUSED_FUNCTION = YES;
				GCC_WARN_UNUSED_VARIABLE = YES;
				IPHONEOS_DEPLOYMENT_TARGET = 16.4;
				MTL_ENABLE_DEBUG_INFO = NO;
				MTL_FAST_MATH = YES;
				SDKROOT = iphoneos;
				SWIFT_COMPILATION_MODE = wholemodule;
				SWIFT_OPTIMIZATION_LEVEL = "-O";
				VALIDATE_PRODUCT = YES;
			};
			name = Release;
		};
		7FBBCECD2CED3F0B00580834 /* Debug */ = {
			isa = XCBuildConfiguration;
			buildSettings = {
				ASSETCATALOG_COMPILER_APPICON_NAME = AppIcon;
				ASSETCATALOG_COMPILER_GLOBAL_ACCENT_COLOR_NAME = AccentColor;
				CODE_SIGN_STYLE = Automatic;
				CURRENT_PROJECT_VERSION = 1;
				GENERATE_INFOPLIST_FILE = YES;
				INFOPLIST_FILE = Labo_03_kimVachon/Info.plist;
				INFOPLIST_KEY_UIApplicationSupportsIndirectInputEvents = YES;
				INFOPLIST_KEY_UILaunchStoryboardName = LaunchScreen;
				INFOPLIST_KEY_UIMainStoryboardFile = Main;
				INFOPLIST_KEY_UISupportedInterfaceOrientations_iPad = "UIInterfaceOrientationPortrait UIInterfaceOrientationPortraitUpsideDown UIInterfaceOrientationLandscapeLeft UIInterfaceOrientationLandscapeRight";
				INFOPLIST_KEY_UISupportedInterfaceOrientations_iPhone = "UIInterfaceOrientationPortrait UIInterfaceOrientationLandscapeLeft UIInterfaceOrientationLandscapeRight";
				LD_RUNPATH_SEARCH_PATHS = (
					"$(inherited)",
					"@executable_path/Frameworks",
				);
				MARKETING_VERSION = 1.0;
				PRODUCT_BUNDLE_IDENTIFIER = "collegeahuntsic.qc.ca.Labo-03-kimVachon";
				PRODUCT_NAME = "$(TARGET_NAME)";
				SWIFT_EMIT_LOC_STRINGS = YES;
				SWIFT_VERSION = 5.0;
				TARGETED_DEVICE_FAMILY = "1,2";
			};
			name = Debug;
		};
		7FBBCECE2CED3F0B00580834 /* Release */ = {
			isa = XCBuildConfiguration;
			buildSettings = {
				ASSETCATALOG_COMPILER_APPICON_NAME = AppIcon;
				ASSETCATALOG_COMPILER_GLOBAL_ACCENT_COLOR_NAME = AccentColor;
				CODE_SIGN_STYLE = Automatic;
				CURRENT_PROJECT_VERSION = 1;
				GENERATE_INFOPLIST_FILE = YES;
				INFOPLIST_FILE = Labo_03_kimVachon/Info.plist;
				INFOPLIST_KEY_UIApplicationSupportsIndirectInputEvents = YES;
				INFOPLIST_KEY_UILaunchStoryboardName = LaunchScreen;
				INFOPLIST_KEY_UIMainStoryboardFile = Main;
				INFOPLIST_KEY_UISupportedInterfaceOrientations_iPad = "UIInterfaceOrientationPortrait UIInterfaceOrientationPortraitUpsideDown UIInterfaceOrientationLandscapeLeft UIInterfaceOrientationLandscapeRight";
				INFOPLIST_KEY_UISupportedInterfaceOrientations_iPhone = "UIInterfaceOrientationPortrait UIInterfaceOrientationLandscapeLeft UIInterfaceOrientationLandscapeRight";
				LD_RUNPATH_SEARCH_PATHS = (
					"$(inherited)",
					"@executable_path/Frameworks",
				);
				MARKETING_VERSION = 1.0;
				PRODUCT_BUNDLE_IDENTIFIER = "collegeahuntsic.qc.ca.Labo-03-kimVachon";
				PRODUCT_NAME = "$(TARGET_NAME)";
				SWIFT_EMIT_LOC_STRINGS = YES;
				SWIFT_VERSION = 5.0;
				TARGETED_DEVICE_FAMILY = "1,2";
			};
			name = Release;
		};
		7FBBCED02CED3F0B00580834 /* Debug */ = {
			isa = XCBuildConfiguration;
			buildSettings = {
				ALWAYS_EMBED_SWIFT_STANDARD_LIBRARIES = YES;
				BUNDLE_LOADER = "$(TEST_HOST)";
				CODE_SIGN_STYLE = Automatic;
				CURRENT_PROJECT_VERSION = 1;
				GENERATE_INFOPLIST_FILE = YES;
				IPHONEOS_DEPLOYMENT_TARGET = 16.4;
				MARKETING_VERSION = 1.0;
				PRODUCT_BUNDLE_IDENTIFIER = "collegeahuntsic.qc.ca.Labo-03-kimVachonTests";
				PRODUCT_NAME = "$(TARGET_NAME)";
				SWIFT_EMIT_LOC_STRINGS = NO;
				SWIFT_VERSION = 5.0;
				TARGETED_DEVICE_FAMILY = "1,2";
				TEST_HOST = "$(BUILT_PRODUCTS_DIR)/Labo_03_kimVachon.app/$(BUNDLE_EXECUTABLE_FOLDER_PATH)/Labo_03_kimVachon";
			};
			name = Debug;
		};
		7FBBCED12CED3F0B00580834 /* Release */ = {
			isa = XCBuildConfiguration;
			buildSettings = {
				ALWAYS_EMBED_SWIFT_STANDARD_LIBRARIES = YES;
				BUNDLE_LOADER = "$(TEST_HOST)";
				CODE_SIGN_STYLE = Automatic;
				CURRENT_PROJECT_VERSION = 1;
				GENERATE_INFOPLIST_FILE = YES;
				IPHONEOS_DEPLOYMENT_TARGET = 16.4;
				MARKETING_VERSION = 1.0;
				PRODUCT_BUNDLE_IDENTIFIER = "collegeahuntsic.qc.ca.Labo-03-kimVachonTests";
				PRODUCT_NAME = "$(TARGET_NAME)";
				SWIFT_EMIT_LOC_STRINGS = NO;
				SWIFT_VERSION = 5.0;
				TARGETED_DEVICE_FAMILY = "1,2";
				TEST_HOST = "$(BUILT_PRODUCTS_DIR)/Labo_03_kimVachon.app/$(BUNDLE_EXECUTABLE_FOLDER_PATH)/Labo_03_kimVachon";
			};
			name = Release;
		};
		7FBBCED32CED3F0B00580834 /* Debug */ = {
			isa = XCBuildConfiguration;
			buildSettings = {
				ALWAYS_EMBED_SWIFT_STANDARD_LIBRARIES = YES;
				CODE_SIGN_STYLE = Automatic;
				CURRENT_PROJECT_VERSION = 1;
				GENERATE_INFOPLIST_FILE = YES;
				MARKETING_VERSION = 1.0;
				PRODUCT_BUNDLE_IDENTIFIER = "collegeahuntsic.qc.ca.Labo-03-kimVachonUITests";
				PRODUCT_NAME = "$(TARGET_NAME)";
				SWIFT_EMIT_LOC_STRINGS = NO;
				SWIFT_VERSION = 5.0;
				TARGETED_DEVICE_FAMILY = "1,2";
				TEST_TARGET_NAME = Labo_03_kimVachon;
			};
			name = Debug;
		};
		7FBBCED42CED3F0B00580834 /* Release */ = {
			isa = XCBuildConfiguration;
			buildSettings = {
				ALWAYS_EMBED_SWIFT_STANDARD_LIBRARIES = YES;
				CODE_SIGN_STYLE = Automatic;
				CURRENT_PROJECT_VERSION = 1;
				GENERATE_INFOPLIST_FILE = YES;
				MARKETING_VERSION = 1.0;
				PRODUCT_BUNDLE_IDENTIFIER = "collegeahuntsic.qc.ca.Labo-03-kimVachonUITests";
				PRODUCT_NAME = "$(TARGET_NAME)";
				SWIFT_EMIT_LOC_STRINGS = NO;
				SWIFT_VERSION = 5.0;
				TARGETED_DEVICE_FAMILY = "1,2";
				TEST_TARGET_NAME = Labo_03_kimVachon;
			};
			name = Release;
		};
/* End XCBuildConfiguration section */

/* Begin XCConfigurationList section */
		7FBBCE9D2CED3F0A00580834 /* Build configuration list for PBXProject "Labo_03_kimVachon" */ = {
			isa = XCConfigurationList;
			buildConfigurations = (
				7FBBCECA2CED3F0B00580834 /* Debug */,
				7FBBCECB2CED3F0B00580834 /* Release */,
			);
			defaultConfigurationIsVisible = 0;
			defaultConfigurationName = Release;
		};
		7FBBCECC2CED3F0B00580834 /* Build configuration list for PBXNativeTarget "Labo_03_kimVachon" */ = {
			isa = XCConfigurationList;
			buildConfigurations = (
				7FBBCECD2CED3F0B00580834 /* Debug */,
				7FBBCECE2CED3F0B00580834 /* Release */,
			);
			defaultConfigurationIsVisible = 0;
			defaultConfigurationName = Release;
		};
		7FBBCECF2CED3F0B00580834 /* Build configuration list for PBXNativeTarget "Labo_03_kimVachonTests" */ = {
			isa = XCConfigurationList;
			buildConfigurations = (
				7FBBCED02CED3F0B00580834 /* Debug */,
				7FBBCED12CED3F0B00580834 /* Release */,
			);
			defaultConfigurationIsVisible = 0;
			defaultConfigurationName = Release;
		};
		7FBBCED22CED3F0B00580834 /* Build configuration list for PBXNativeTarget "Labo_03_kimVachonUITests" */ = {
			isa = XCConfigurationList;
			buildConfigurations = (
				7FBBCED32CED3F0B00580834 /* Debug */,
				7FBBCED42CED3F0B00580834 /* Release */,
			);
			defaultConfigurationIsVisible = 0;
			defaultConfigurationName = Release;
		};
/* End XCConfigurationList section */
	};
	rootObject = 7FBBCE9A2CED3F0A00580834 /* Project object */;
}
